
Microsoft Visual Studio Solution File, Format Version 12.00
# Visual Studio Version 17
VisualStudioVersion = 17.7.34024.191
MinimumVisualStudioVersion = 10.0.40219.1
Project("{9A19103F-16F7-4668-BE54-9A1E7A4F7556}") = "KnightMove2", "KnightMove2.csproj", "{6DD4CBB8-E65B-464C-B8F7-D4F77E7EE11B}"
EndProject
Global
	GlobalSection(SolutionConfigurationPlatforms) = preSolution
		Debug|Any CPU = Debug|Any CPU
		Release|Any CPU = Release|Any CPU
	EndGlobalSection
	GlobalSection(ProjectConfigurationPlatforms) = postSolution
		{6DD4CBB8-E65B-464C-B8F7-D4F77E7EE11B}.Debug|Any CPU.ActiveCfg = Debug|Any CPU
		{6DD4CBB8-E65B-464C-B8F7-D4F77E7EE11B}.Debug|Any CPU.Build.0 = Debug|Any CPU
		{6DD4CBB8-E65B-464C-B8F7-D4F77E7EE11B}.Release|Any CPU.ActiveCfg = Release|Any CPU
		{6DD4CBB8-E65B-464C-B8F7-D4F77E7EE11B}.Release|Any CPU.Build.0 = Release|Any CPU
	EndGlobalSection
	GlobalSection(SolutionProperties) = preSolution
		HideSolutionNode = FALSE
	EndGlobalSection
	GlobalSection(ExtensibilityGlobals) = postSolution
		SolutionGuid = {84BD45F0-DF27-4DA8-944C-DD9D4CD94620}
	EndGlobalSection
EndGlobal
